
Microsoft Visual Studio Solution File, Format Version 12.00
# Visual Studio Version 16
VisualStudioVersion = 16.0.31424.327
MinimumVisualStudioVersion = 10.0.40219.1
Project("{2150E333-8FDC-42A3-9474-1A3956D46DE8}") = "algorithms", "algorithms", "{61D1BD52-10D2-4345-A55A-AF12911549ED}"
EndProject
Project("{9A19103F-16F7-4668-BE54-9A1E7A4F7556}") = "sorting", "algorithms\sorting\sorting.csproj", "{A6AB7577-C07A-4BA5-A8DA-C98F3E8ECFF0}"
EndProject
Project("{2150E333-8FDC-42A3-9474-1A3956D46DE8}") = "data.structures", "data.structures", "{41435437-A2C3-44FF-A805-C62C1BA202F3}"
EndProject
Project("{2150E333-8FDC-42A3-9474-1A3956D46DE8}") = "clients", "clients", "{0BD978B7-511E-4F96-B9F7-D5491987564A}"
EndProject
Project("{FAE04EC0-301F-11D3-BF4B-00C04F79EFBC}") = "tests", "tests\tests.csproj", "{C12467DD-D095-4307-976B-570D028A07DC}"
EndProject
Project("{FAE04EC0-301F-11D3-BF4B-00C04F79EFBC}") = "merging", "merging\merging.csproj", "{31B34E62-20B9-4ECF-8683-5BC8AAE8645C}"
EndProject
Global
	GlobalSection(SolutionConfigurationPlatforms) = preSolution
		Debug|Any CPU = Debug|Any CPU
		Release|Any CPU = Release|Any CPU
	EndGlobalSection
	GlobalSection(ProjectConfigurationPlatforms) = postSolution
		{A6AB7577-C07A-4BA5-A8DA-C98F3E8ECFF0}.Debug|Any CPU.ActiveCfg = Debug|Any CPU
		{A6AB7577-C07A-4BA5-A8DA-C98F3E8ECFF0}.Debug|Any CPU.Build.0 = Debug|Any CPU
		{A6AB7577-C07A-4BA5-A8DA-C98F3E8ECFF0}.Release|Any CPU.ActiveCfg = Release|Any CPU
		{A6AB7577-C07A-4BA5-A8DA-C98F3E8ECFF0}.Release|Any CPU.Build.0 = Release|Any CPU
		{C12467DD-D095-4307-976B-570D028A07DC}.Debug|Any CPU.ActiveCfg = Debug|Any CPU
		{C12467DD-D095-4307-976B-570D028A07DC}.Debug|Any CPU.Build.0 = Debug|Any CPU
		{C12467DD-D095-4307-976B-570D028A07DC}.Release|Any CPU.ActiveCfg = Release|Any CPU
		{C12467DD-D095-4307-976B-570D028A07DC}.Release|Any CPU.Build.0 = Release|Any CPU
		{31B34E62-20B9-4ECF-8683-5BC8AAE8645C}.Debug|Any CPU.ActiveCfg = Debug|Any CPU
		{31B34E62-20B9-4ECF-8683-5BC8AAE8645C}.Debug|Any CPU.Build.0 = Debug|Any CPU
		{31B34E62-20B9-4ECF-8683-5BC8AAE8645C}.Release|Any CPU.ActiveCfg = Release|Any CPU
		{31B34E62-20B9-4ECF-8683-5BC8AAE8645C}.Release|Any CPU.Build.0 = Release|Any CPU
	EndGlobalSection
	GlobalSection(SolutionProperties) = preSolution
		HideSolutionNode = FALSE
	EndGlobalSection
	GlobalSection(NestedProjects) = preSolution
		{A6AB7577-C07A-4BA5-A8DA-C98F3E8ECFF0} = {61D1BD52-10D2-4345-A55A-AF12911549ED}
		{31B34E62-20B9-4ECF-8683-5BC8AAE8645C} = {61D1BD52-10D2-4345-A55A-AF12911549ED}
	EndGlobalSection
	GlobalSection(ExtensibilityGlobals) = postSolution
		SolutionGuid = {15D0230C-37BC-4E19-8F8E-EBFED70B5077}
	EndGlobalSection
EndGlobal
